
Microsoft Visual Studio Solution File, Format Version 11.00
# Visual Studio 2010
Project("{8BC9CEB8-8B4A-11D0-8D11-00A0C91BC942}") = "Task2", "Task2\Task2.vcxproj", "{305E00A8-733D-402F-A7FA-2C1398C0792B}"
EndProject
Global
	GlobalSection(SolutionConfigurationPlatforms) = preSolution
		Debug|Win32 = Debug|Win32
		Release|Win32 = Release|Win32
	EndGlobalSection
	GlobalSection(ProjectConfigurationPlatforms) = postSolution
		{305E00A8-733D-402F-A7FA-2C1398C0792B}.Debug|Win32.ActiveCfg = Debug|Win32
		{305E00A8-733D-402F-A7FA-2C1398C0792B}.Debug|Win32.Build.0 = Debug|Win32
		{305E00A8-733D-402F-A7FA-2C1398C0792B}.Release|Win32.ActiveCfg = Release|Win32
		{305E00A8-733D-402F-A7FA-2C1398C0792B}.Release|Win32.Build.0 = Release|Win32
	EndGlobalSection
	GlobalSection(SolutionProperties) = preSolution
		HideSolutionNode = FALSE
	EndGlobalSection
EndGlobal
