
Microsoft Visual Studio Solution File, Format Version 12.00
# Visual Studio 14
VisualStudioVersion = 14.0.25420.1
MinimumVisualStudioVersion = 10.0.40219.1
Project("{FAE04EC0-301F-11D3-BF4B-00C04F79EFBC}") = "HTask2", "HTask1\HTask2.csproj", "{C91EAF57-674E-44D2-8921-867D3527787D}"
EndProject
Project("{FAE04EC0-301F-11D3-BF4B-00C04F79EFBC}") = "HTask3", "HTask3\HTask3.csproj", "{9F305CCF-A44D-4344-8C9D-7EAAABD83517}"
EndProject
Project("{FAE04EC0-301F-11D3-BF4B-00C04F79EFBC}") = "H_Task1", "H_Task1\H_Task1.csproj", "{DE681E51-4AE2-41AE-878C-C87B1EC1D007}"
EndProject
Global
	GlobalSection(SolutionConfigurationPlatforms) = preSolution
		Debug|Any CPU = Debug|Any CPU
		Release|Any CPU = Release|Any CPU
	EndGlobalSection
	GlobalSection(ProjectConfigurationPlatforms) = postSolution
		{C91EAF57-674E-44D2-8921-867D3527787D}.Debug|Any CPU.ActiveCfg = Debug|Any CPU
		{C91EAF57-674E-44D2-8921-867D3527787D}.Debug|Any CPU.Build.0 = Debug|Any CPU
		{C91EAF57-674E-44D2-8921-867D3527787D}.Release|Any CPU.ActiveCfg = Release|Any CPU
		{C91EAF57-674E-44D2-8921-867D3527787D}.Release|Any CPU.Build.0 = Release|Any CPU
		{9F305CCF-A44D-4344-8C9D-7EAAABD83517}.Debug|Any CPU.ActiveCfg = Debug|Any CPU
		{9F305CCF-A44D-4344-8C9D-7EAAABD83517}.Debug|Any CPU.Build.0 = Debug|Any CPU
		{9F305CCF-A44D-4344-8C9D-7EAAABD83517}.Release|Any CPU.ActiveCfg = Release|Any CPU
		{9F305CCF-A44D-4344-8C9D-7EAAABD83517}.Release|Any CPU.Build.0 = Release|Any CPU
		{DE681E51-4AE2-41AE-878C-C87B1EC1D007}.Debug|Any CPU.ActiveCfg = Debug|Any CPU
		{DE681E51-4AE2-41AE-878C-C87B1EC1D007}.Debug|Any CPU.Build.0 = Debug|Any CPU
		{DE681E51-4AE2-41AE-878C-C87B1EC1D007}.Release|Any CPU.ActiveCfg = Release|Any CPU
		{DE681E51-4AE2-41AE-878C-C87B1EC1D007}.Release|Any CPU.Build.0 = Release|Any CPU
	EndGlobalSection
	GlobalSection(SolutionProperties) = preSolution
		HideSolutionNode = FALSE
	EndGlobalSection
EndGlobal
